
Microsoft Visual Studio Solution File, Format Version 12.00
# Visual Studio Version 17
VisualStudioVersion = 17.13.35828.75 d17.13
MinimumVisualStudioVersion = 10.0.40219.1
Project("{FAE04EC0-301F-11D3-BF4B-00C04F79EFBC}") = "Store.Domain", "Store.Domain\Store.Domain.csproj", "{EA7018C3-E9A1-423E-85D6-4C8B19018CF4}"
EndProject
Project("{FAE04EC0-301F-11D3-BF4B-00C04F79EFBC}") = "StoreTests", "StoreTests\StoreTests.csproj", "{0648BB77-DEB8-4949-AD49-8D8CB6C15AF4}"
EndProject
Global
	GlobalSection(SolutionConfigurationPlatforms) = preSolution
		Debug|Any CPU = Debug|Any CPU
		Release|Any CPU = Release|Any CPU
	EndGlobalSection
	GlobalSection(ProjectConfigurationPlatforms) = postSolution
		{EA7018C3-E9A1-423E-85D6-4C8B19018CF4}.Debug|Any CPU.ActiveCfg = Debug|Any CPU
		{EA7018C3-E9A1-423E-85D6-4C8B19018CF4}.Debug|Any CPU.Build.0 = Debug|Any CPU
		{EA7018C3-E9A1-423E-85D6-4C8B19018CF4}.Release|Any CPU.ActiveCfg = Release|Any CPU
		{EA7018C3-E9A1-423E-85D6-4C8B19018CF4}.Release|Any CPU.Build.0 = Release|Any CPU
		{0648BB77-DEB8-4949-AD49-8D8CB6C15AF4}.Debug|Any CPU.ActiveCfg = Debug|Any CPU
		{0648BB77-DEB8-4949-AD49-8D8CB6C15AF4}.Debug|Any CPU.Build.0 = Debug|Any CPU
		{0648BB77-DEB8-4949-AD49-8D8CB6C15AF4}.Release|Any CPU.ActiveCfg = Release|Any CPU
		{0648BB77-DEB8-4949-AD49-8D8CB6C15AF4}.Release|Any CPU.Build.0 = Release|Any CPU
	EndGlobalSection
	GlobalSection(SolutionProperties) = preSolution
		HideSolutionNode = FALSE
	EndGlobalSection
	GlobalSection(ExtensibilityGlobals) = postSolution
		SolutionGuid = {976A1F25-A28B-4423-9A84-C4D60F9A2E09}
	EndGlobalSection
EndGlobal
